{
  "version": 4,
  "terraform_version": "1.8.5",
  "serial": 63,
  "lineage": "8e2e7398-104f-fb4c-0b56-42fcfbd4781e",
  "outputs": {},
  "resources": [
    {
      "mode": "managed",
      "type": "aws_apigatewayv2_api",
      "name": "mewsic_api",
      "provider": "provider[\"registry.terraform.io/hashicorp/aws\"]",
      "instances": [
        {
          "schema_version": 0,
          "attributes": {
            "api_endpoint": "https://lg5vvwmhd8.execute-api.ap-southeast-2.amazonaws.com",
            "api_key_selection_expression": "$request.header.x-api-key",
            "arn": "arn:aws:apigateway:ap-southeast-2::/apis/lg5vvwmhd8",
            "body": null,
            "cors_configuration": [],
            "credentials_arn": null,
            "description": "",
            "disable_execute_api_endpoint": false,
            "execution_arn": "arn:aws:execute-api:ap-southeast-2:637423508019:lg5vvwmhd8",
            "fail_on_warnings": null,
            "id": "lg5vvwmhd8",
            "name": "mewsic_api",
            "protocol_type": "HTTP",
            "route_key": null,
            "route_selection_expression": "$request.method $request.path",
            "tags": {},
            "tags_all": {},
            "target": null,
            "version": ""
          },
          "sensitive_attributes": [],
          "private": "bnVsbA=="
        }
      ]
    },
    {
      "mode": "managed",
      "type": "aws_apigatewayv2_authorizer",
      "name": "auth",
      "provider": "provider[\"registry.terraform.io/hashicorp/aws\"]",
      "instances": [
        {
          "schema_version": 0,
          "attributes": {
            "api_id": "lg5vvwmhd8",
            "authorizer_credentials_arn": "",
            "authorizer_payload_format_version": "",
            "authorizer_result_ttl_in_seconds": 0,
            "authorizer_type": "JWT",
            "authorizer_uri": "",
            "enable_simple_responses": false,
            "id": "kpf49r",
            "identity_sources": [
              "$request.header.Authorization"
            ],
            "jwt_configuration": [
              {
                "audience": [
                  "6eoor214ktgrp4e03b3hpvt0o1"
                ],
                "issuer": "https://cognito-idp.ap-southeast-2.amazonaws.com/ap-southeast-2_Wdjdtq3tY"
              }
            ],
            "name": "cognito-authorizer",
            "timeouts": null
          },
          "sensitive_attributes": [],
          "private": "eyJlMmJmYjczMC1lY2FhLTExZTYtOGY4OC0zNDM2M2JjN2M0YzAiOnsiZGVsZXRlIjoxODAwMDAwMDAwMDAwfX0=",
          "dependencies": [
            "aws_apigatewayv2_api.mewsic_api",
            "module.auth.aws_cognito_user_pool.mewsic_user_pool",
            "module.auth.aws_cognito_user_pool_client.mewsic_user_pool_client"
          ]
        }
      ]
    },
    {
      "mode": "managed",
      "type": "aws_apigatewayv2_integration",
      "name": "hello_world",
      "provider": "provider[\"registry.terraform.io/hashicorp/aws\"]",
      "instances": [
        {
          "schema_version": 0,
          "attributes": {
            "api_id": "lg5vvwmhd8",
            "connection_id": "",
            "connection_type": "INTERNET",
            "content_handling_strategy": "",
            "credentials_arn": "",
            "description": "",
            "id": "vxlmkyl",
            "integration_method": "POST",
            "integration_response_selection_expression": "",
            "integration_subtype": "",
            "integration_type": "AWS_PROXY",
            "integration_uri": "arn:aws:apigateway:ap-southeast-2:lambda:path/2015-03-31/functions/arn:aws:lambda:ap-southeast-2:637423508019:function:HelloWorld/invocations",
            "passthrough_behavior": "",
            "payload_format_version": "1.0",
            "request_parameters": {},
            "request_templates": {},
            "response_parameters": [],
            "template_selection_expression": "",
            "timeout_milliseconds": 30000,
            "tls_config": []
          },
          "sensitive_attributes": [],
          "private": "bnVsbA==",
          "dependencies": [
            "aws_apigatewayv2_api.mewsic_api",
            "module.terraform.aws_iam_role.lambda_exec",
            "module.terraform.aws_lambda_function.hello_world",
            "module.terraform.aws_s3_bucket.lambda_bucket",
            "module.terraform.aws_s3_object.lambda_hello_world",
            "module.terraform.data.archive_file.lambda_hello_world",
            "module.terraform.random_pet.lambda_bucket_name"
          ]
        }
      ]
    },
    {
      "mode": "managed",
      "type": "aws_apigatewayv2_route",
      "name": "hello_world",
      "provider": "provider[\"registry.terraform.io/hashicorp/aws\"]",
      "instances": [
        {
          "schema_version": 0,
          "attributes": {
            "api_id": "lg5vvwmhd8",
            "api_key_required": false,
            "authorization_scopes": [],
            "authorization_type": "NONE",
            "authorizer_id": "",
            "id": "k32w3ta",
            "model_selection_expression": "",
            "operation_name": "",
            "request_models": {},
            "request_parameter": [],
            "route_key": "POST /hello",
            "route_response_selection_expression": "",
            "target": "integrations/vxlmkyl"
          },
          "sensitive_attributes": [],
          "private": "bnVsbA==",
          "dependencies": [
            "aws_apigatewayv2_api.mewsic_api",
            "aws_apigatewayv2_integration.hello_world",
            "module.terraform.aws_iam_role.lambda_exec",
            "module.terraform.aws_lambda_function.hello_world",
            "module.terraform.aws_s3_bucket.lambda_bucket",
            "module.terraform.aws_s3_object.lambda_hello_world",
            "module.terraform.data.archive_file.lambda_hello_world",
            "module.terraform.random_pet.lambda_bucket_name"
          ]
        }
      ]
    },
    {
      "mode": "managed",
      "type": "aws_apigatewayv2_stage",
      "name": "mewsic_stage",
      "provider": "provider[\"registry.terraform.io/hashicorp/aws\"]",
      "instances": [
        {
          "schema_version": 0,
          "attributes": {
            "access_log_settings": [
              {
                "destination_arn": "arn:aws:logs:ap-southeast-2:637423508019:log-group:/aws/api_gw/mewsic_api",
                "format": "{\"httpMethod\":\"$context.httpMethod\",\"integrationErrorMessage\":\"$context.integrationErrorMessage\",\"protocol\":\"$context.protocol\",\"requestId\":\"$context.requestId\",\"requestTime\":\"$context.requestTime\",\"resourcePath\":\"$context.resourcePath\",\"responseLength\":\"$context.responseLength\",\"routeKey\":\"$context.routeKey\",\"sourceIp\":\"$context.identity.sourceIp\",\"status\":\"$context.status\"}"
              }
            ],
            "api_id": "lg5vvwmhd8",
            "arn": "arn:aws:apigateway:ap-southeast-2::/apis/lg5vvwmhd8/stages/mewsic_stage",
            "auto_deploy": true,
            "client_certificate_id": "",
            "default_route_settings": [
              {
                "data_trace_enabled": false,
                "detailed_metrics_enabled": false,
                "logging_level": "",
                "throttling_burst_limit": 0,
                "throttling_rate_limit": 0
              }
            ],
            "deployment_id": "ixw0g7",
            "description": "",
            "execution_arn": "arn:aws:execute-api:ap-southeast-2:637423508019:lg5vvwmhd8/mewsic_stage",
            "id": "mewsic_stage",
            "invoke_url": "https://lg5vvwmhd8.execute-api.ap-southeast-2.amazonaws.com/mewsic_stage",
            "name": "mewsic_stage",
            "route_settings": [],
            "stage_variables": {},
            "tags": {},
            "tags_all": {}
          },
          "sensitive_attributes": [],
          "private": "bnVsbA==",
          "dependencies": [
            "aws_apigatewayv2_api.mewsic_api",
            "aws_cloudwatch_log_group.api_gw"
          ]
        }
      ]
    },
    {
      "mode": "managed",
      "type": "aws_cloudwatch_log_group",
      "name": "api_gw",
      "provider": "provider[\"registry.terraform.io/hashicorp/aws\"]",
      "instances": [
        {
          "schema_version": 0,
          "attributes": {
            "arn": "arn:aws:logs:ap-southeast-2:637423508019:log-group:/aws/api_gw/mewsic_api",
            "id": "/aws/api_gw/mewsic_api",
            "kms_key_id": "",
            "log_group_class": "STANDARD",
            "name": "/aws/api_gw/mewsic_api",
            "name_prefix": "",
            "retention_in_days": 30,
            "skip_destroy": false,
            "tags": {},
            "tags_all": {}
          },
          "sensitive_attributes": [],
          "private": "bnVsbA==",
          "dependencies": [
            "aws_apigatewayv2_api.mewsic_api"
          ]
        }
      ]
    },
    {
      "mode": "managed",
      "type": "aws_lambda_permission",
      "name": "api_gw",
      "provider": "provider[\"registry.terraform.io/hashicorp/aws\"]",
      "instances": [
        {
          "schema_version": 0,
          "attributes": {
            "action": "lambda:InvokeFunction",
            "event_source_token": null,
            "function_name": "HelloWorld",
            "function_url_auth_type": null,
            "id": "AllowExecutionFromAPIGateway",
            "principal": "apigateway.amazonaws.com",
            "principal_org_id": null,
            "qualifier": "",
            "source_account": null,
            "source_arn": "arn:aws:execute-api:ap-southeast-2:637423508019:lg5vvwmhd8/*/*",
            "statement_id": "AllowExecutionFromAPIGateway",
            "statement_id_prefix": ""
          },
          "sensitive_attributes": [],
          "private": "bnVsbA==",
          "dependencies": [
            "aws_apigatewayv2_api.mewsic_api",
            "module.terraform.aws_iam_role.lambda_exec",
            "module.terraform.aws_lambda_function.hello_world",
            "module.terraform.aws_s3_bucket.lambda_bucket",
            "module.terraform.aws_s3_object.lambda_hello_world",
            "module.terraform.data.archive_file.lambda_hello_world",
            "module.terraform.random_pet.lambda_bucket_name"
          ]
        }
      ]
    },
    {
      "module": "module.auth",
      "mode": "data",
      "type": "archive_file",
      "name": "authLambdas",
      "provider": "provider[\"registry.terraform.io/hashicorp/archive\"]",
      "instances": [
        {
          "schema_version": 0,
          "attributes": {
            "exclude_symlink_directories": null,
            "excludes": null,
            "id": "c6ccdbb2cec81c60c6d6b77aea8fa0bc8b7fe46e",
            "output_base64sha256": "oXx5l+7qAyNTJmxg+5sZyg604NJWY9X7UogJmvOUX2k=",
            "output_base64sha512": "/SHM7FSWpY+6ak1WFLCojkpgOYrCiuk9Y6SYlzOwanq2cFA1p3pq6MVz71i/HW2pEh0AXgCjlkZ3XpnXH4B8dg==",
            "output_file_mode": null,
            "output_md5": "4a02c97cfb86bbe7421c81714eeaa75e",
            "output_path": "auth/auth.zip",
            "output_sha": "c6ccdbb2cec81c60c6d6b77aea8fa0bc8b7fe46e",
            "output_sha256": "a17c7997eeea032353266c60fb9b19ca0eb4e0d25663d5fb5288099af3945f69",
            "output_sha512": "fd21ccec5496a58fba6a4d5614b0a88e4a60398ac28ae93d63a4989733b06a7ab6705035a77a6ae8c573ef58bf1d6da9121d005e00a39646775e99d71f807c76",
            "output_size": 324,
            "source": [],
            "source_content": null,
            "source_content_filename": null,
            "source_dir": "auth/auth",
            "source_file": null,
            "type": "zip"
          },
          "sensitive_attributes": []
        }
      ]
    },
    {
      "module": "module.auth",
      "mode": "managed",
      "type": "aws_cognito_user_pool",
      "name": "mewsic_user_pool",
      "provider": "provider[\"registry.terraform.io/hashicorp/aws\"]",
      "instances": [
        {
          "schema_version": 0,
          "attributes": {
            "account_recovery_setting": [
              {
                "recovery_mechanism": [
                  {
                    "name": "verified_email",
                    "priority": 1
                  },
                  {
                    "name": "verified_phone_number",
                    "priority": 2
                  }
                ]
              }
            ],
            "admin_create_user_config": [
              {
                "allow_admin_create_user_only": false,
                "invite_message_template": []
              }
            ],
            "alias_attributes": [
              "email"
            ],
            "arn": "arn:aws:cognito-idp:ap-southeast-2:637423508019:userpool/ap-southeast-2_Wdjdtq3tY",
            "auto_verified_attributes": [
              "email"
            ],
            "creation_date": "2024-06-24T07:34:04Z",
            "custom_domain": "",
            "deletion_protection": "INACTIVE",
            "device_configuration": [],
            "domain": "",
            "email_configuration": [
              {
                "configuration_set": "",
                "email_sending_account": "COGNITO_DEFAULT",
                "from_email_address": "",
                "reply_to_email_address": "",
                "source_arn": ""
              }
            ],
            "email_verification_message": "Please use the following code to verify yourself on our app: {####}",
            "email_verification_subject": "Mewsic Registration Verification Code",
            "endpoint": "cognito-idp.ap-southeast-2.amazonaws.com/ap-southeast-2_Wdjdtq3tY",
            "estimated_number_of_users": 0,
            "id": "ap-southeast-2_Wdjdtq3tY",
            "lambda_config": [],
            "last_modified_date": "2024-06-24T13:45:43Z",
            "mfa_configuration": "OFF",
            "name": "mewsicUserPool",
            "password_policy": [
              {
                "minimum_length": 8,
                "require_lowercase": false,
                "require_numbers": false,
                "require_symbols": false,
                "require_uppercase": false,
                "temporary_password_validity_days": 7
              }
            ],
            "schema": [
              {
                "attribute_data_type": "String",
                "developer_only_attribute": false,
                "mutable": true,
                "name": "email",
                "number_attribute_constraints": [],
                "required": false,
                "string_attribute_constraints": [
                  {
                    "max_length": "256",
                    "min_length": "3"
                  }
                ]
              },
              {
                "attribute_data_type": "String",
                "developer_only_attribute": false,
                "mutable": true,
                "name": "username",
                "number_attribute_constraints": [],
                "required": false,
                "string_attribute_constraints": [
                  {
                    "max_length": "256",
                    "min_length": "3"
                  }
                ]
              }
            ],
            "sms_authentication_message": "",
            "sms_configuration": [],
            "sms_verification_message": "",
            "software_token_mfa_configuration": [],
            "tags": {},
            "tags_all": {},
            "user_attribute_update_settings": [],
            "user_pool_add_ons": [],
            "username_attributes": [],
            "username_configuration": [
              {
                "case_sensitive": true
              }
            ],
            "verification_message_template": [
              {
                "default_email_option": "CONFIRM_WITH_CODE",
                "email_message": "Please use the following code to verify yourself on our app: {####}",
                "email_message_by_link": "",
                "email_subject": "Mewsic Registration Verification Code",
                "email_subject_by_link": "",
                "sms_message": ""
              }
            ]
          },
          "sensitive_attributes": [],
          "private": "bnVsbA=="
        }
      ]
    },
    {
      "module": "module.auth",
      "mode": "managed",
      "type": "aws_cognito_user_pool_client",
      "name": "mewsic_user_pool_client",
      "provider": "provider[\"registry.terraform.io/hashicorp/aws\"]",
      "instances": [
        {
          "schema_version": 0,
          "attributes": {
            "access_token_validity": 0,
            "allowed_oauth_flows": [],
            "allowed_oauth_flows_user_pool_client": false,
            "allowed_oauth_scopes": [],
            "analytics_configuration": [],
            "auth_session_validity": 3,
            "callback_urls": [],
            "client_secret": "",
            "default_redirect_uri": "",
            "enable_propagate_additional_user_context_data": false,
            "enable_token_revocation": true,
            "explicit_auth_flows": [
              "ALLOW_REFRESH_TOKEN_AUTH",
              "ALLOW_USER_PASSWORD_AUTH"
            ],
            "generate_secret": null,
            "id": "6eoor214ktgrp4e03b3hpvt0o1",
            "id_token_validity": 0,
            "logout_urls": [],
            "name": "mewsicUserPoolClient",
            "prevent_user_existence_errors": "",
            "read_attributes": [],
            "refresh_token_validity": 30,
            "supported_identity_providers": [],
            "token_validity_units": [],
            "user_pool_id": "ap-southeast-2_Wdjdtq3tY",
            "write_attributes": []
          },
          "sensitive_attributes": [
            [
              {
                "type": "get_attr",
                "value": "client_secret"
              }
            ]
          ],
          "dependencies": [
            "module.auth.aws_cognito_user_pool.mewsic_user_pool"
          ]
        }
      ]
    },
    {
      "module": "module.auth",
      "mode": "managed",
      "type": "aws_s3_bucket",
      "name": "authBucket",
      "provider": "provider[\"registry.terraform.io/hashicorp/aws\"]",
      "instances": [
        {
          "schema_version": 0,
          "attributes": {
            "acceleration_status": "",
            "acl": null,
            "arn": "arn:aws:s3:::primarily-early-notable-collie",
            "bucket": "primarily-early-notable-collie",
            "bucket_domain_name": "primarily-early-notable-collie.s3.amazonaws.com",
            "bucket_prefix": "",
            "bucket_regional_domain_name": "primarily-early-notable-collie.s3.ap-southeast-2.amazonaws.com",
            "cors_rule": [],
            "force_destroy": false,
            "grant": [
              {
                "id": "7e289f8ef271a9c92bda342d1ce68fb38a4f23a3faae9f5102e7a5392166eba9",
                "permissions": [
                  "FULL_CONTROL"
                ],
                "type": "CanonicalUser",
                "uri": ""
              }
            ],
            "hosted_zone_id": "Z1WCIGYICN2BYD",
            "id": "primarily-early-notable-collie",
            "lifecycle_rule": [],
            "logging": [],
            "object_lock_configuration": [],
            "object_lock_enabled": false,
            "policy": "",
            "region": "ap-southeast-2",
            "replication_configuration": [],
            "request_payer": "BucketOwner",
            "server_side_encryption_configuration": [
              {
                "rule": [
                  {
                    "apply_server_side_encryption_by_default": [
                      {
                        "kms_master_key_id": "",
                        "sse_algorithm": "AES256"
                      }
                    ],
                    "bucket_key_enabled": false
                  }
                ]
              }
            ],
            "tags": null,
            "tags_all": {},
            "timeouts": null,
            "versioning": [
              {
                "enabled": false,
                "mfa_delete": false
              }
            ],
            "website": [],
            "website_domain": null,
            "website_endpoint": null
          },
          "sensitive_attributes": [],
          "private": "eyJlMmJmYjczMC1lY2FhLTExZTYtOGY4OC0zNDM2M2JjN2M0YzAiOnsiY3JlYXRlIjoxMjAwMDAwMDAwMDAwLCJkZWxldGUiOjM2MDAwMDAwMDAwMDAsInJlYWQiOjEyMDAwMDAwMDAwMDAsInVwZGF0ZSI6MTIwMDAwMDAwMDAwMH19",
          "dependencies": [
            "module.auth.random_pet.authBucket"
          ]
        }
      ]
    },
    {
      "module": "module.auth",
      "mode": "managed",
      "type": "aws_s3_bucket_acl",
      "name": "authBucket",
      "provider": "provider[\"registry.terraform.io/hashicorp/aws\"]",
      "instances": [
        {
          "schema_version": 0,
          "attributes": {
            "access_control_policy": [
              {
                "grant": [
                  {
                    "grantee": [
                      {
                        "display_name": "codeysuh2002",
                        "email_address": "",
                        "id": "7e289f8ef271a9c92bda342d1ce68fb38a4f23a3faae9f5102e7a5392166eba9",
                        "type": "CanonicalUser",
                        "uri": ""
                      }
                    ],
                    "permission": "FULL_CONTROL"
                  }
                ],
                "owner": [
                  {
                    "display_name": "codeysuh2002",
                    "id": "7e289f8ef271a9c92bda342d1ce68fb38a4f23a3faae9f5102e7a5392166eba9"
                  }
                ]
              }
            ],
            "acl": "private",
            "bucket": "primarily-early-notable-collie",
            "expected_bucket_owner": "",
            "id": "primarily-early-notable-collie,private"
          },
          "sensitive_attributes": [],
          "private": "bnVsbA==",
          "dependencies": [
            "module.auth.aws_s3_bucket.authBucket",
            "module.auth.aws_s3_bucket_ownership_controls.authBucket",
            "module.auth.random_pet.authBucket"
          ]
        }
      ]
    },
    {
      "module": "module.auth",
      "mode": "managed",
      "type": "aws_s3_bucket_ownership_controls",
      "name": "authBucket",
      "provider": "provider[\"registry.terraform.io/hashicorp/aws\"]",
      "instances": [
        {
          "schema_version": 0,
          "attributes": {
            "bucket": "primarily-early-notable-collie",
            "id": "primarily-early-notable-collie",
            "rule": [
              {
                "object_ownership": "BucketOwnerPreferred"
              }
            ]
          },
          "sensitive_attributes": [],
          "private": "bnVsbA==",
          "dependencies": [
            "module.auth.aws_s3_bucket.authBucket",
            "module.auth.random_pet.authBucket"
          ]
        }
      ]
    },
    {
      "module": "module.auth",
      "mode": "managed",
      "type": "aws_s3_object",
      "name": "authObject",
      "provider": "provider[\"registry.terraform.io/hashicorp/aws\"]",
      "instances": [
        {
          "schema_version": 0,
          "attributes": {
            "acl": null,
            "arn": "arn:aws:s3:::primarily-early-notable-collie/auth.zip",
            "bucket": "primarily-early-notable-collie",
            "bucket_key_enabled": false,
            "cache_control": "",
            "checksum_algorithm": null,
            "checksum_crc32": "",
            "checksum_crc32c": "",
            "checksum_sha1": "",
            "checksum_sha256": "",
            "content": null,
            "content_base64": null,
            "content_disposition": "",
            "content_encoding": "",
            "content_language": "",
            "content_type": "application/octet-stream",
            "etag": "4a02c97cfb86bbe7421c81714eeaa75e",
            "force_destroy": false,
            "id": "auth.zip",
            "key": "auth.zip",
            "kms_key_id": null,
            "metadata": null,
            "object_lock_legal_hold_status": "",
            "object_lock_mode": "",
            "object_lock_retain_until_date": "",
            "override_provider": [],
            "server_side_encryption": "AES256",
            "source": "auth/auth.zip",
            "source_hash": null,
            "storage_class": "STANDARD",
            "tags": null,
            "tags_all": {},
            "version_id": "",
            "website_redirect": ""
          },
          "sensitive_attributes": [],
          "private": "bnVsbA==",
          "dependencies": [
            "module.auth.aws_s3_bucket.authBucket",
            "module.auth.data.archive_file.authLambdas",
            "module.auth.random_pet.authBucket"
          ]
        }
      ]
    },
    {
      "module": "module.auth",
      "mode": "managed",
      "type": "random_pet",
      "name": "authBucket",
      "provider": "provider[\"registry.terraform.io/hashicorp/random\"]",
      "instances": [
        {
          "schema_version": 0,
          "attributes": {
            "id": "primarily-early-notable-collie",
            "keepers": null,
            "length": 4,
            "prefix": null,
            "separator": "-"
          },
          "sensitive_attributes": []
        }
      ]
    },
    {
      "module": "module.terraform",
      "mode": "data",
      "type": "archive_file",
      "name": "lambda_hello_world",
      "provider": "provider[\"registry.terraform.io/hashicorp/archive\"]",
      "instances": [
        {
          "schema_version": 0,
          "attributes": {
            "exclude_symlink_directories": null,
            "excludes": null,
            "id": "21971895c78c008318b1aa0419c4c54d286c0b6f",
            "output_base64sha256": "m2fEuW068NEFLcvuuT/Jh7/4It4z0E8bzk1gCegkze4=",
            "output_base64sha512": "JQkBJ1xByoR6bxB+a3fouqHb4FZdZQsITRhNKYnCyfZSawyEtCfK6YdlQKcXYSiKiLk7Qdf3MOUDXmOslHPdhQ==",
            "output_file_mode": null,
            "output_md5": "d093358250d9ff809bc3b63469ec3ebe",
            "output_path": "terraform/User.zip",
            "output_sha": "21971895c78c008318b1aa0419c4c54d286c0b6f",
            "output_sha256": "9b67c4b96d3af0d1052dcbeeb93fc987bff822de33d04f1bce4d6009e824cdee",
            "output_sha512": "250901275c41ca847a6f107e6b77e8baa1dbe0565d650b084d184d2989c2c9f6526b0c84b427cae9876540a71761288a88b93b41d7f730e5035e63ac9473dd85",
            "output_size": 626,
            "source": [],
            "source_content": null,
            "source_content_filename": null,
            "source_dir": "terraform/User",
            "source_file": null,
            "type": "zip"
          },
          "sensitive_attributes": []
        }
      ]
    },
    {
      "module": "module.terraform",
      "mode": "managed",
      "type": "aws_cloudwatch_log_group",
      "name": "hello_world",
      "provider": "module.terraform.provider[\"registry.terraform.io/hashicorp/aws\"]",
      "instances": [
        {
          "schema_version": 0,
          "attributes": {
            "arn": "arn:aws:logs:ap-southeast-2:637423508019:log-group:/aws/lambda/HelloWorld",
            "id": "/aws/lambda/HelloWorld",
            "kms_key_id": "",
            "log_group_class": "STANDARD",
            "name": "/aws/lambda/HelloWorld",
            "name_prefix": "",
            "retention_in_days": 30,
            "skip_destroy": false,
            "tags": {},
            "tags_all": {}
          },
          "sensitive_attributes": [],
          "private": "bnVsbA==",
          "dependencies": [
            "module.terraform.aws_iam_role.lambda_exec",
            "module.terraform.aws_lambda_function.hello_world",
            "module.terraform.aws_s3_bucket.lambda_bucket",
            "module.terraform.aws_s3_object.lambda_hello_world",
            "module.terraform.data.archive_file.lambda_hello_world",
            "module.terraform.random_pet.lambda_bucket_name"
          ]
        }
      ]
    },
    {
      "module": "module.terraform",
      "mode": "managed",
      "type": "aws_dynamodb_table",
      "name": "userTable",
      "provider": "module.terraform.provider[\"registry.terraform.io/hashicorp/aws\"]",
      "instances": [
        {
          "schema_version": 1,
          "attributes": {
            "arn": "arn:aws:dynamodb:ap-southeast-2:637423508019:table/Mewsic_User_Table",
            "attribute": [
              {
                "name": "userId",
                "type": "S"
              }
            ],
            "billing_mode": "PROVISIONED",
            "deletion_protection_enabled": false,
            "global_secondary_index": [],
            "hash_key": "userId",
            "id": "Mewsic_User_Table",
            "import_table": [],
            "local_secondary_index": [],
            "name": "Mewsic_User_Table",
            "point_in_time_recovery": [
              {
                "enabled": false
              }
            ],
            "range_key": null,
            "read_capacity": 20,
            "replica": [],
            "restore_date_time": null,
            "restore_source_name": null,
            "restore_to_latest_time": null,
            "server_side_encryption": [],
            "stream_arn": "",
            "stream_enabled": false,
            "stream_label": "",
            "stream_view_type": "",
            "table_class": "STANDARD",
            "tags": {},
            "tags_all": {},
            "timeouts": null,
            "ttl": [
              {
                "attribute_name": "",
                "enabled": false
              }
            ],
            "write_capacity": 20
          },
          "sensitive_attributes": [],
          "private": "eyJlMmJmYjczMC1lY2FhLTExZTYtOGY4OC0zNDM2M2JjN2M0YzAiOnsiY3JlYXRlIjoxODAwMDAwMDAwMDAwLCJkZWxldGUiOjYwMDAwMDAwMDAwMCwidXBkYXRlIjozNjAwMDAwMDAwMDAwfSwic2NoZW1hX3ZlcnNpb24iOiIxIn0="
        }
      ]
    },
    {
      "module": "module.terraform",
      "mode": "managed",
      "type": "aws_iam_policy",
      "name": "dynamoDBLambdaPolicy",
      "provider": "module.terraform.provider[\"registry.terraform.io/hashicorp/aws\"]",
      "instances": [
        {
          "schema_version": 0,
          "attributes": {
            "arn": "arn:aws:iam::637423508019:policy/DynamoDBLambdaPolicy",
            "attachment_count": 1,
            "description": "",
            "id": "arn:aws:iam::637423508019:policy/DynamoDBLambdaPolicy",
            "name": "DynamoDBLambdaPolicy",
            "name_prefix": "",
            "path": "/",
            "policy": "{\"Statement\":[{\"Action\":[\"dynamodb:PutItem\"],\"Effect\":\"Allow\",\"Resource\":[\"arn:aws:dynamodb:ap-southeast-2:637423508019:table/Mewsic_User_Table\"]}],\"Version\":\"2012-10-17\"}",
            "policy_id": "ANPAZI2LG3IZSDSZZQIZX",
            "tags": {},
            "tags_all": {}
          },
          "sensitive_attributes": [],
          "private": "bnVsbA==",
          "dependencies": [
            "module.terraform.aws_dynamodb_table.userTable"
          ]
        }
      ]
    },
    {
      "module": "module.terraform",
      "mode": "managed",
      "type": "aws_iam_role",
      "name": "lambda_exec",
      "provider": "module.terraform.provider[\"registry.terraform.io/hashicorp/aws\"]",
      "instances": [
        {
          "schema_version": 0,
          "attributes": {
            "arn": "arn:aws:iam::637423508019:role/serverless_lambda",
            "assume_role_policy": "{\"Statement\":[{\"Action\":\"sts:AssumeRole\",\"Effect\":\"Allow\",\"Principal\":{\"Service\":\"lambda.amazonaws.com\"},\"Sid\":\"\"}],\"Version\":\"2012-10-17\"}",
            "create_date": "2024-06-24T07:41:25Z",
            "description": "",
            "force_detach_policies": false,
            "id": "serverless_lambda",
            "inline_policy": [],
            "managed_policy_arns": [
              "arn:aws:iam::637423508019:policy/DynamoDBLambdaPolicy",
              "arn:aws:iam::aws:policy/service-role/AWSLambdaBasicExecutionRole"
            ],
            "max_session_duration": 3600,
            "name": "serverless_lambda",
            "name_prefix": "",
            "path": "/",
            "permissions_boundary": "",
            "tags": {},
            "tags_all": {},
            "unique_id": "AROAZI2LG3IZ6FFXGYICM"
          },
          "sensitive_attributes": [],
          "private": "bnVsbA=="
        }
      ]
    },
    {
      "module": "module.terraform",
      "mode": "managed",
      "type": "aws_iam_role_policy_attachment",
      "name": "lambda_policy",
      "provider": "module.terraform.provider[\"registry.terraform.io/hashicorp/aws\"]",
      "instances": [
        {
          "index_key": "AWSLambdaBasicExecutionRole",
          "schema_version": 0,
          "attributes": {
            "id": "serverless_lambda-20240624074132455600000001",
            "policy_arn": "arn:aws:iam::aws:policy/service-role/AWSLambdaBasicExecutionRole",
            "role": "serverless_lambda"
          },
          "sensitive_attributes": [],
          "private": "bnVsbA==",
          "dependencies": [
            "module.terraform.aws_dynamodb_table.userTable",
            "module.terraform.aws_iam_policy.dynamoDBLambdaPolicy",
            "module.terraform.aws_iam_role.lambda_exec"
          ]
        },
        {
          "index_key": "dynamoDBLambdaPolicy",
          "schema_version": 0,
          "attributes": {
            "id": "serverless_lambda-20240624074132766100000002",
            "policy_arn": "arn:aws:iam::637423508019:policy/DynamoDBLambdaPolicy",
            "role": "serverless_lambda"
          },
          "sensitive_attributes": [],
          "private": "bnVsbA==",
          "dependencies": [
            "module.terraform.aws_dynamodb_table.userTable",
            "module.terraform.aws_iam_policy.dynamoDBLambdaPolicy",
            "module.terraform.aws_iam_role.lambda_exec"
          ]
        }
      ]
    },
    {
      "module": "module.terraform",
      "mode": "managed",
      "type": "aws_lambda_function",
      "name": "hello_world",
      "provider": "module.terraform.provider[\"registry.terraform.io/hashicorp/aws\"]",
      "instances": [
        {
          "schema_version": 0,
          "attributes": {
            "architectures": [
              "x86_64"
            ],
            "arn": "arn:aws:lambda:ap-southeast-2:637423508019:function:HelloWorld",
            "code_sha256": "m2fEuW068NEFLcvuuT/Jh7/4It4z0E8bzk1gCegkze4=",
            "code_signing_config_arn": "",
            "dead_letter_config": [],
            "description": "",
            "environment": [],
            "ephemeral_storage": [
              {
                "size": 512
              }
            ],
            "file_system_config": [],
            "filename": null,
            "function_name": "HelloWorld",
            "handler": "lambda.handler",
            "id": "HelloWorld",
            "image_config": [],
            "image_uri": "",
            "invoke_arn": "arn:aws:apigateway:ap-southeast-2:lambda:path/2015-03-31/functions/arn:aws:lambda:ap-southeast-2:637423508019:function:HelloWorld/invocations",
            "kms_key_arn": "",
            "last_modified": "2024-06-24T08:19:47.616+0000",
            "layers": [],
            "logging_config": [
              {
                "application_log_level": "",
                "log_format": "Text",
                "log_group": "/aws/lambda/HelloWorld",
                "system_log_level": ""
              }
            ],
            "memory_size": 128,
            "package_type": "Zip",
            "publish": false,
            "qualified_arn": "arn:aws:lambda:ap-southeast-2:637423508019:function:HelloWorld:$LATEST",
            "qualified_invoke_arn": "arn:aws:apigateway:ap-southeast-2:lambda:path/2015-03-31/functions/arn:aws:lambda:ap-southeast-2:637423508019:function:HelloWorld:$LATEST/invocations",
            "replace_security_groups_on_destroy": null,
            "replacement_security_group_ids": null,
            "reserved_concurrent_executions": -1,
            "role": "arn:aws:iam::637423508019:role/serverless_lambda",
            "runtime": "nodejs16.x",
            "s3_bucket": "presently-supposedly-major-ladybug",
            "s3_key": "User.zip",
            "s3_object_version": null,
            "signing_job_arn": "",
            "signing_profile_version_arn": "",
            "skip_destroy": false,
            "snap_start": [],
            "source_code_hash": "m2fEuW068NEFLcvuuT/Jh7/4It4z0E8bzk1gCegkze4=",
            "source_code_size": 626,
            "tags": {},
            "tags_all": {},
            "timeout": 5,
            "timeouts": null,
            "tracing_config": [
              {
                "mode": "PassThrough"
              }
            ],
            "version": "$LATEST",
            "vpc_config": []
          },
          "sensitive_attributes": [],
          "private": "eyJlMmJmYjczMC1lY2FhLTExZTYtOGY4OC0zNDM2M2JjN2M0YzAiOnsiY3JlYXRlIjo2MDAwMDAwMDAwMDAsImRlbGV0ZSI6NjAwMDAwMDAwMDAwLCJ1cGRhdGUiOjYwMDAwMDAwMDAwMH19",
          "dependencies": [
            "module.terraform.aws_iam_role.lambda_exec",
            "module.terraform.aws_s3_bucket.lambda_bucket",
            "module.terraform.aws_s3_object.lambda_hello_world",
            "module.terraform.data.archive_file.lambda_hello_world",
            "module.terraform.random_pet.lambda_bucket_name"
          ]
        }
      ]
    },
    {
      "module": "module.terraform",
      "mode": "managed",
      "type": "aws_s3_bucket",
      "name": "lambda_bucket",
      "provider": "module.terraform.provider[\"registry.terraform.io/hashicorp/aws\"]",
      "instances": [
        {
          "schema_version": 0,
          "attributes": {
            "acceleration_status": "",
            "acl": null,
            "arn": "arn:aws:s3:::presently-supposedly-major-ladybug",
            "bucket": "presently-supposedly-major-ladybug",
            "bucket_domain_name": "presently-supposedly-major-ladybug.s3.amazonaws.com",
            "bucket_prefix": "",
            "bucket_regional_domain_name": "presently-supposedly-major-ladybug.s3.ap-southeast-2.amazonaws.com",
            "cors_rule": [],
            "force_destroy": false,
            "grant": [
              {
                "id": "7e289f8ef271a9c92bda342d1ce68fb38a4f23a3faae9f5102e7a5392166eba9",
                "permissions": [
                  "FULL_CONTROL"
                ],
                "type": "CanonicalUser",
                "uri": ""
              }
            ],
            "hosted_zone_id": "Z1WCIGYICN2BYD",
            "id": "presently-supposedly-major-ladybug",
            "lifecycle_rule": [],
            "logging": [],
            "object_lock_configuration": [],
            "object_lock_enabled": false,
            "policy": "",
            "region": "ap-southeast-2",
            "replication_configuration": [],
            "request_payer": "BucketOwner",
            "server_side_encryption_configuration": [
              {
                "rule": [
                  {
                    "apply_server_side_encryption_by_default": [
                      {
                        "kms_master_key_id": "",
                        "sse_algorithm": "AES256"
                      }
                    ],
                    "bucket_key_enabled": false
                  }
                ]
              }
            ],
            "tags": {},
            "tags_all": {},
            "timeouts": null,
            "versioning": [
              {
                "enabled": false,
                "mfa_delete": false
              }
            ],
            "website": [],
            "website_domain": null,
            "website_endpoint": null
          },
          "sensitive_attributes": [],
          "private": "eyJlMmJmYjczMC1lY2FhLTExZTYtOGY4OC0zNDM2M2JjN2M0YzAiOnsiY3JlYXRlIjoxMjAwMDAwMDAwMDAwLCJkZWxldGUiOjM2MDAwMDAwMDAwMDAsInJlYWQiOjEyMDAwMDAwMDAwMDAsInVwZGF0ZSI6MTIwMDAwMDAwMDAwMH19",
          "dependencies": [
            "module.terraform.random_pet.lambda_bucket_name"
          ]
        }
      ]
    },
    {
      "module": "module.terraform",
      "mode": "managed",
      "type": "aws_s3_bucket_acl",
      "name": "lambda_bucket",
      "provider": "module.terraform.provider[\"registry.terraform.io/hashicorp/aws\"]",
      "instances": [
        {
          "schema_version": 0,
          "attributes": {
            "access_control_policy": [
              {
                "grant": [
                  {
                    "grantee": [
                      {
                        "display_name": "codeysuh2002",
                        "email_address": "",
                        "id": "7e289f8ef271a9c92bda342d1ce68fb38a4f23a3faae9f5102e7a5392166eba9",
                        "type": "CanonicalUser",
                        "uri": ""
                      }
                    ],
                    "permission": "FULL_CONTROL"
                  }
                ],
                "owner": [
                  {
                    "display_name": "codeysuh2002",
                    "id": "7e289f8ef271a9c92bda342d1ce68fb38a4f23a3faae9f5102e7a5392166eba9"
                  }
                ]
              }
            ],
            "acl": "private",
            "bucket": "presently-supposedly-major-ladybug",
            "expected_bucket_owner": "",
            "id": "presently-supposedly-major-ladybug,private"
          },
          "sensitive_attributes": [],
          "private": "bnVsbA==",
          "dependencies": [
            "module.terraform.aws_s3_bucket.lambda_bucket",
            "module.terraform.aws_s3_bucket_ownership_controls.lambda_bucket",
            "module.terraform.random_pet.lambda_bucket_name"
          ]
        }
      ]
    },
    {
      "module": "module.terraform",
      "mode": "managed",
      "type": "aws_s3_bucket_ownership_controls",
      "name": "lambda_bucket",
      "provider": "module.terraform.provider[\"registry.terraform.io/hashicorp/aws\"]",
      "instances": [
        {
          "schema_version": 0,
          "attributes": {
            "bucket": "presently-supposedly-major-ladybug",
            "id": "presently-supposedly-major-ladybug",
            "rule": [
              {
                "object_ownership": "BucketOwnerPreferred"
              }
            ]
          },
          "sensitive_attributes": [],
          "private": "bnVsbA==",
          "dependencies": [
            "module.terraform.aws_s3_bucket.lambda_bucket",
            "module.terraform.random_pet.lambda_bucket_name"
          ]
        }
      ]
    },
    {
      "module": "module.terraform",
      "mode": "managed",
      "type": "aws_s3_object",
      "name": "lambda_hello_world",
      "provider": "module.terraform.provider[\"registry.terraform.io/hashicorp/aws\"]",
      "instances": [
        {
          "schema_version": 0,
          "attributes": {
            "acl": null,
            "arn": "arn:aws:s3:::presently-supposedly-major-ladybug/User.zip",
            "bucket": "presently-supposedly-major-ladybug",
            "bucket_key_enabled": false,
            "cache_control": "",
            "checksum_algorithm": null,
            "checksum_crc32": "",
            "checksum_crc32c": "",
            "checksum_sha1": "",
            "checksum_sha256": "",
            "content": null,
            "content_base64": null,
            "content_disposition": "",
            "content_encoding": "",
            "content_language": "",
            "content_type": "application/octet-stream",
            "etag": "d093358250d9ff809bc3b63469ec3ebe",
            "force_destroy": false,
            "id": "User.zip",
            "key": "User.zip",
            "kms_key_id": null,
            "metadata": {},
            "object_lock_legal_hold_status": "",
            "object_lock_mode": "",
            "object_lock_retain_until_date": "",
            "override_provider": [],
            "server_side_encryption": "AES256",
            "source": "terraform/User.zip",
            "source_hash": null,
            "storage_class": "STANDARD",
            "tags": {},
            "tags_all": {},
            "version_id": "",
            "website_redirect": ""
          },
          "sensitive_attributes": [],
          "private": "bnVsbA==",
          "dependencies": [
            "module.terraform.aws_s3_bucket.lambda_bucket",
            "module.terraform.data.archive_file.lambda_hello_world",
            "module.terraform.random_pet.lambda_bucket_name"
          ]
        }
      ]
    },
    {
      "module": "module.terraform",
      "mode": "managed",
      "type": "random_pet",
      "name": "lambda_bucket_name",
      "provider": "provider[\"registry.terraform.io/hashicorp/random\"]",
      "instances": [
        {
          "schema_version": 0,
          "attributes": {
            "id": "presently-supposedly-major-ladybug",
            "keepers": null,
            "length": 4,
            "prefix": null,
            "separator": "-"
          },
          "sensitive_attributes": []
        }
      ]
    }
  ],
  "check_results": null
}
